PODS:
  - Crashlytics (3.8.5):
    - Fabric (~> 1.6.3)
  - Fabric (1.6.12)
  - Google-Mobile-Ads-SDK (7.21.0)
  - SnapKit (3.2.0)

DEPENDENCIES:
  - Crashlytics
  - Fabric
  - Google-Mobile-Ads-SDK
  - SnapKit (from `https://github.com/SnapKit/SnapKit.git`, branch `swift-4`)

EXTERNAL SOURCES:
  SnapKit:
    :branch: swift-4
    :git: https://github.com/SnapKit/SnapKit.git

CHECKOUT OPTIONS:
  SnapKit:
    :commit: d31148f449abe819fd1a58d5e07e94874c7e6003
    :git: https://github.com/SnapKit/SnapKit.git

SPEC CHECKSUMS:
  Crashlytics: dfbae35ef22ca189240d230ad501feea4ee85d2d
  Fabric: f050464eac45a2ce5a8e6e6a07e977c0df32fe28
  Google-Mobile-Ads-SDK: 4a6f1b43c8cc0e1e95a3b59d9f52a01671c6f9f3
  SnapKit: c71c530b73cedd2a8b998098687001baff265086

PODFILE CHECKSUM: 5378bef4e7c5add314b752ece0a00804566e0e49

COCOAPODS: 1.2.1
