// !$*UTF8*$!
{
	archiveVersion = 1;
	classes = {
	};
	objectVersion = 46;
	objects = {

/* Begin PBXBuildFile section */
		3D07A29C1ED1B1B600BFCE3A /* AppDelegate.swift in Sources */ = {isa = PBXBuildFile; fileRef = 3D07A29B1ED1B1B600BFCE3A /* AppDelegate.swift */; };
		3D07A2A21ED1B1B600BFCE3A /* GameScene.swift in Sources */ = {isa = PBXBuildFile; fileRef = 3D07A2A11ED1B1B600BFCE3A /* GameScene.swift */; };
		3D07A2A41ED1B1B600BFCE3A /* GameViewController.swift in Sources */ = {isa = PBXBuildFile; fileRef = 3D07A2A31ED1B1B600BFCE3A /* GameViewController.swift */; };
		3D07A2A71ED1B1B600BFCE3A /* Main.storyboard in Resources */ = {isa = PBXBuildFile; fileRef = 3D07A2A51ED1B1B600BFCE3A /* Main.storyboard */; };
		3D07A2A91ED1B1B600BFCE3A /* Assets.xcassets in Resources */ = {isa = PBXBuildFile; fileRef = 3D07A2A81ED1B1B600BFCE3A /* Assets.xcassets */; };
		3D07A2AC1ED1B1B600BFCE3A /* LaunchScreen.storyboard in Resources */ = {isa = PBXBuildFile; fileRef = 3D07A2AA1ED1B1B600BFCE3A /* LaunchScreen.storyboard */; };
		3D07A2B71ED1B1B700BFCE3A /* HotdogSlingerTests.swift in Sources */ = {isa = PBXBuildFile; fileRef = 3D07A2B61ED1B1B700BFCE3A /* HotdogSlingerTests.swift */; };
		3D07A2C51ED1B2F000BFCE3A /* MenuViewController.swift in Sources */ = {isa = PBXBuildFile; fileRef = 3D07A2C41ED1B2F000BFCE3A /* MenuViewController.swift */; };
		3D07A2C81ED27A7B00BFCE3A /* SettingsViewController.swift in Sources */ = {isa = PBXBuildFile; fileRef = 3D07A2C71ED27A7B00BFCE3A /* SettingsViewController.swift */; };
/* End PBXBuildFile section */

/* Begin PBXContainerItemProxy section */
		3D07A2B31ED1B1B600BFCE3A /* PBXContainerItemProxy */ = {
			isa = PBXContainerItemProxy;
			containerPortal = 3D07A2901ED1B1B600BFCE3A /* Project object */;
			proxyType = 1;
			remoteGlobalIDString = 3D07A2971ED1B1B600BFCE3A;
			remoteInfo = HotdogSlinger;
		};
/* End PBXContainerItemProxy section */

/* Begin PBXFileReference section */
		3D07A2981ED1B1B600BFCE3A /* HotdogSlinger.app */ = {isa = PBXFileReference; explicitFileType = wrapper.application; includeInIndex = 0; path = HotdogSlinger.app; sourceTree = BUILT_PRODUCTS_DIR; };
		3D07A29B1ED1B1B600BFCE3A /* AppDelegate.swift */ = {isa = PBXFileReference; lastKnownFileType = sourcecode.swift; path = AppDelegate.swift; sourceTree = "<group>"; };
		3D07A2A11ED1B1B600BFCE3A /* GameScene.swift */ = {isa = PBXFileReference; lastKnownFileType = sourcecode.swift; path = GameScene.swift; sourceTree = "<group>"; };
		3D07A2A31ED1B1B600BFCE3A /* GameViewController.swift */ = {isa = PBXFileReference; lastKnownFileType = sourcecode.swift; path = GameViewController.swift; sourceTree = "<group>"; };
		3D07A2A61ED1B1B600BFCE3A /* Base */ = {isa = PBXFileReference; lastKnownFileType = file.storyboard; name = Base; path = Base.lproj/Main.storyboard; sourceTree = "<group>"; };
		3D07A2A81ED1B1B600BFCE3A /* Assets.xcassets */ = {isa = PBXFileReference; lastKnownFileType = folder.assetcatalog; path = Assets.xcassets; sourceTree = "<group>"; };
		3D07A2AB1ED1B1B600BFCE3A /* Base */ = {isa = PBXFileReference; lastKnownFileType = file.storyboard; name = Base; path = Base.lproj/LaunchScreen.storyboard; sourceTree = "<group>"; };
		3D07A2AD1ED1B1B600BFCE3A /* Info.plist */ = {isa = PBXFileReference; lastKnownFileType = text.plist.xml; path = Info.plist; sourceTree = "<group>"; };
		3D07A2B21ED1B1B600BFCE3A /* HotdogSlingerTests.xctest */ = {isa = PBXFileReference; explicitFileType = wrapper.cfbundle; includeInIndex = 0; path = HotdogSlingerTests.xctest; sourceTree = BUILT_PRODUCTS_DIR; };
		3D07A2B61ED1B1B700BFCE3A /* HotdogSlingerTests.swift */ = {isa = PBXFileReference; lastKnownFileType = sourcecode.swift; path = HotdogSlingerTests.swift; sourceTree = "<group>"; };
		3D07A2B81ED1B1B700BFCE3A /* Info.plist */ = {isa = PBXFileReference; lastKnownFileType = text.plist.xml; path = Info.plist; sourceTree = "<group>"; };
		3D07A2C41ED1B2F000BFCE3A /* MenuViewController.swift */ = {isa = PBXFileReference; fileEncoding = 4; lastKnownFileType = sourcecode.swift; path = MenuViewController.swift; sourceTree = "<group>"; };
		3D07A2C71ED27A7B00BFCE3A /* SettingsViewController.swift */ = {isa = PBXFileReference; fileEncoding = 4; lastKnownFileType = sourcecode.swift; path = SettingsViewController.swift; sourceTree = "<group>"; };
/* End PBXFileReference section */

/* Begin PBXFrameworksBuildPhase section */
		3D07A2951ED1B1B600BFCE3A /* Frameworks */ = {
			isa = PBXFrameworksBuildPhase;
			buildActionMask = 2147483647;
			files = (
			);
			runOnlyForDeploymentPostprocessing = 0;
		};
		3D07A2AF1ED1B1B600BFCE3A /* Frameworks */ = {
			isa = PBXFrameworksBuildPhase;
			buildActionMask = 2147483647;
			files = (
			);
			runOnlyForDeploymentPostprocessing = 0;
		};
/* End PBXFrameworksBuildPhase section */

/* Begin PBXGroup section */
		3D07A28F1ED1B1B600BFCE3A = {
			isa = PBXGroup;
			children = (
				3D07A29A1ED1B1B600BFCE3A /* HotdogSlinger */,
				3D07A2B51ED1B1B700BFCE3A /* HotdogSlingerTests */,
				3D07A2991ED1B1B600BFCE3A /* Products */,
			);
			sourceTree = "<group>";
		};
		3D07A2991ED1B1B600BFCE3A /* Products */ = {
			isa = PBXGroup;
			children = (
				3D07A2981ED1B1B600BFCE3A /* HotdogSlinger.app */,
				3D07A2B21ED1B1B600BFCE3A /* HotdogSlingerTests.xctest */,
			);
			name = Products;
			sourceTree = "<group>";
		};
		3D07A29A1ED1B1B600BFCE3A /* HotdogSlinger */ = {
			isa = PBXGroup;
			children = (
				3D07A2C31ED1B2A300BFCE3A /* Controller */,
				3D07A2C21ED1B2A000BFCE3A /* View */,
				3D07A2C11ED1B29700BFCE3A /* Model */,
				3D07A29B1ED1B1B600BFCE3A /* AppDelegate.swift */,
				3D07A2AD1ED1B1B600BFCE3A /* Info.plist */,
				3D07A2A81ED1B1B600BFCE3A /* Assets.xcassets */,
			);
			path = HotdogSlinger;
			sourceTree = "<group>";
		};
		3D07A2B51ED1B1B700BFCE3A /* HotdogSlingerTests */ = {
			isa = PBXGroup;
			children = (
				3D07A2B61ED1B1B700BFCE3A /* HotdogSlingerTests.swift */,
				3D07A2B81ED1B1B700BFCE3A /* Info.plist */,
			);
			path = HotdogSlingerTests;
			sourceTree = "<group>";
		};
		3D07A2C11ED1B29700BFCE3A /* Model */ = {
			isa = PBXGroup;
			children = (
			);
			name = Model;
			sourceTree = "<group>";
		};
		3D07A2C21ED1B2A000BFCE3A /* View */ = {
			isa = PBXGroup;
			children = (
				3D07A2A51ED1B1B600BFCE3A /* Main.storyboard */,
				3D07A2AA1ED1B1B600BFCE3A /* LaunchScreen.storyboard */,
			);
			name = View;
			sourceTree = "<group>";
		};
		3D07A2C31ED1B2A300BFCE3A /* Controller */ = {
			isa = PBXGroup;
			children = (
				3D07A2C41ED1B2F000BFCE3A /* MenuViewController.swift */,
				3D07A2C71ED27A7B00BFCE3A /* SettingsViewController.swift */,
				3D07A2A31ED1B1B600BFCE3A /* GameViewController.swift */,
				3D07A2A11ED1B1B600BFCE3A /* GameScene.swift */,
			);
			name = Controller;
			sourceTree = "<group>";
		};
/* End PBXGroup section */

/* Begin PBXNativeTarget section */
		3D07A2971ED1B1B600BFCE3A /* HotdogSlinger */ = {
			isa = PBXNativeTarget;
			buildConfigurationList = 3D07A2BB1ED1B1B700BFCE3A /* Build configuration list for PBXNativeTarget "HotdogSlinger" */;
			buildPhases = (
				3D07A2941ED1B1B600BFCE3A /* Sources */,
				3D07A2951ED1B1B600BFCE3A /* Frameworks */,
				3D07A2961ED1B1B600BFCE3A /* Resources */,
			);
			buildRules = (
			);
			dependencies = (
			);
			name = HotdogSlinger;
			productName = HotdogSlinger;
			productReference = 3D07A2981ED1B1B600BFCE3A /* HotdogSlinger.app */;
			productType = "com.apple.product-type.application";
		};
		3D07A2B11ED1B1B600BFCE3A /* HotdogSlingerTests */ = {
			isa = PBXNativeTarget;
			buildConfigurationList = 3D07A2BE1ED1B1B700BFCE3A /* Build configuration list for PBXNativeTarget "HotdogSlingerTests" */;
			buildPhases = (
				3D07A2AE1ED1B1B600BFCE3A /* Sources */,
				3D07A2AF1ED1B1B600BFCE3A /* Frameworks */,
				3D07A2B01ED1B1B600BFCE3A /* Resources */,
			);
			buildRules = (
			);
			dependencies = (
				3D07A2B41ED1B1B600BFCE3A /* PBXTargetDependency */,
			);
			name = HotdogSlingerTests;
			productName = HotdogSlingerTests;
			productReference = 3D07A2B21ED1B1B600BFCE3A /* HotdogSlingerTests.xctest */;
			productType = "com.apple.product-type.bundle.unit-test";
		};
/* End PBXNativeTarget section */

/* Begin PBXProject section */
		3D07A2901ED1B1B600BFCE3A /* Project object */ = {
			isa = PBXProject;
			attributes = {
				LastSwiftUpdateCheck = 0830;
				LastUpgradeCheck = 0830;
				ORGANIZATIONNAME = "Cathy Oun";
				TargetAttributes = {
					3D07A2971ED1B1B600BFCE3A = {
						CreatedOnToolsVersion = 8.3.2;
						DevelopmentTeam = 597HR9EHGW;
						ProvisioningStyle = Automatic;
					};
					3D07A2B11ED1B1B600BFCE3A = {
						CreatedOnToolsVersion = 8.3.2;
						DevelopmentTeam = 597HR9EHGW;
						ProvisioningStyle = Automatic;
						TestTargetID = 3D07A2971ED1B1B600BFCE3A;
					};
				};
			};
			buildConfigurationList = 3D07A2931ED1B1B600BFCE3A /* Build configuration list for PBXProject "HotdogSlinger" */;
			compatibilityVersion = "Xcode 3.2";
			developmentRegion = English;
			hasScannedForEncodings = 0;
			knownRegions = (
				en,
				Base,
			);
			mainGroup = 3D07A28F1ED1B1B600BFCE3A;
			productRefGroup = 3D07A2991ED1B1B600BFCE3A /* Products */;
			projectDirPath = "";
			projectRoot = "";
			targets = (
				3D07A2971ED1B1B600BFCE3A /* HotdogSlinger */,
				3D07A2B11ED1B1B600BFCE3A /* HotdogSlingerTests */,
			);
		};
/* End PBXProject section */

/* Begin PBXResourcesBuildPhase section */
		3D07A2961ED1B1B600BFCE3A /* Resources */ = {
			isa = PBXResourcesBuildPhase;
			buildActionMask = 2147483647;
			files = (
				3D07A2A71ED1B1B600BFCE3A /* Main.storyboard in Resources */,
				3D07A2A91ED1B1B600BFCE3A /* Assets.xcassets in Resources */,
				3D07A2AC1ED1B1B600BFCE3A /* LaunchScreen.storyboard in Resources */,
			);
			runOnlyForDeploymentPostprocessing = 0;
		};
		3D07A2B01ED1B1B600BFCE3A /* Resources */ = {
			isa = PBXResourcesBuildPhase;
			buildActionMask = 2147483647;
			files = (
			);
			runOnlyForDeploymentPostprocessing = 0;
		};
/* End PBXResourcesBuildPhase section */

/* Begin PBXSourcesBuildPhase section */
		3D07A2941ED1B1B600BFCE3A /* Sources */ = {
			isa = PBXSourcesBuildPhase;
			buildActionMask = 2147483647;
			files = (
				3D07A2A21ED1B1B600BFCE3A /* GameScene.swift in Sources */,
				3D07A2A41ED1B1B600BFCE3A /* GameViewController.swift in Sources */,
				3D07A29C1ED1B1B600BFCE3A /* AppDelegate.swift in Sources */,
				3D07A2C81ED27A7B00BFCE3A /* SettingsViewController.swift in Sources */,
				3D07A2C51ED1B2F000BFCE3A /* MenuViewController.swift in Sources */,
			);
			runOnlyForDeploymentPostprocessing = 0;
		};
		3D07A2AE1ED1B1B600BFCE3A /* Sources */ = {
			isa = PBXSourcesBuildPhase;
			buildActionMask = 2147483647;
			files = (
				3D07A2B71ED1B1B700BFCE3A /* HotdogSlingerTests.swift in Sources */,
			);
			runOnlyForDeploymentPostprocessing = 0;
		};
/* End PBXSourcesBuildPhase section */

/* Begin PBXTargetDependency section */
		3D07A2B41ED1B1B600BFCE3A /* PBXTargetDependency */ = {
			isa = PBXTargetDependency;
			target = 3D07A2971ED1B1B600BFCE3A /* HotdogSlinger */;
			targetProxy = 3D07A2B31ED1B1B600BFCE3A /* PBXContainerItemProxy */;
		};
/* End PBXTargetDependency section */

/* Begin PBXVariantGroup section */
		3D07A2A51ED1B1B600BFCE3A /* Main.storyboard */ = {
			isa = PBXVariantGroup;
			children = (
				3D07A2A61ED1B1B600BFCE3A /* Base */,
			);
			name = Main.storyboard;
			sourceTree = "<group>";
		};
		3D07A2AA1ED1B1B600BFCE3A /* LaunchScreen.storyboard */ = {
			isa = PBXVariantGroup;
			children = (
				3D07A2AB1ED1B1B600BFCE3A /* Base */,
			);
			name = LaunchScreen.storyboard;
			sourceTree = "<group>";
		};
/* End PBXVariantGroup section */

/* Begin XCBuildConfiguration section */
		3D07A2B91ED1B1B700BFCE3A /* Debug */ = {
			isa = XCBuildConfiguration;
			buildSettings = {
				ALWAYS_SEARCH_USER_PATHS = NO;
				CLANG_ANALYZER_NONNULL = YES;
				CLANG_ANALYZER_NUMBER_OBJECT_CONVERSION = YES_AGGRESSIVE;
				CLANG_CXX_LANGUAGE_STANDARD = "gnu++0x";
				CLANG_CXX_LIBRARY = "libc++";
				CLANG_ENABLE_MODULES = YES;
				CLANG_ENABLE_OBJC_ARC = YES;
				CLANG_WARN_BOOL_CONVERSION = YES;
				CLANG_WARN_CONSTANT_CONVERSION = YES;
				CLANG_WARN_DIRECT_OBJC_ISA_USAGE = YES_ERROR;
				CLANG_WARN_DOCUMENTATION_COMMENTS = YES;
				CLANG_WARN_EMPTY_BODY = YES;
				CLANG_WARN_ENUM_CONVERSION = YES;
				CLANG_WARN_INFINITE_RECURSION = YES;
				CLANG_WARN_INT_CONVERSION = YES;
				CLANG_WARN_OBJC_ROOT_CLASS = YES_ERROR;
				CLANG_WARN_SUSPICIOUS_MOVE = YES;
				CLANG_WARN_UNREACHABLE_CODE = YES;
				CLANG_WARN__DUPLICATE_METHOD_MATCH = YES;
				"CODE_SIGN_IDENTITY[sdk=iphoneos*]" = "iPhone Developer";
				COPY_PHASE_STRIP = NO;
				DEBUG_INFORMATION_FORMAT = dwarf;
				ENABLE_STRICT_OBJC_MSGSEND = YES;
				ENABLE_TESTABILITY = YES;
				GCC_C_LANGUAGE_STANDARD = gnu99;
				GCC_DYNAMIC_NO_PIC = NO;
				GCC_NO_COMMON_BLOCKS = YES;
				GCC_OPTIMIZATION_LEVEL = 0;
				GCC_PREPROCESSOR_DEFINITIONS = (
					"DEBUG=1",
					"$(inherited)",
				);
				GCC_WARN_64_TO_32_BIT_CONVERSION = YES;
				GCC_WARN_ABOUT_RETURN_TYPE = YES_ERROR;
				GCC_WARN_UNDECLARED_SELECTOR = YES;
				GCC_WARN_UNINITIALIZED_AUTOS = YES_AGGRESSIVE;
				GCC_WARN_UNUSED_FUNCTION = YES;
				GCC_WARN_UNUSED_VARIABLE = YES;
				IPHONEOS_DEPLOYMENT_TARGET = 10.3;
				MTL_ENABLE_DEBUG_INFO = YES;
				ONLY_ACTIVE_ARCH = YES;
				SDKROOT = iphoneos;
				SWIFT_ACTIVE_COMPILATION_CONDITIONS = DEBUG;
				SWIFT_OPTIMIZATION_LEVEL = "-Onone";
				TARGETED_DEVICE_FAMILY = "1,2";
			};
			name = Debug;
		};
		3D07A2BA1ED1B1B700BFCE3A /* Release */ = {
			isa = XCBuildConfiguration;
			buildSettings = {
				ALWAYS_SEARCH_USER_PATHS = NO;
				CLANG_ANALYZER_NONNULL = YES;
				CLANG_ANALYZER_NUMBER_OBJECT_CONVERSION = YES_AGGRESSIVE;
				CLANG_CXX_LANGUAGE_STANDARD = "gnu++0x";
				CLANG_CXX_LIBRARY = "libc++";
				CLANG_ENABLE_MODULES = YES;
				CLANG_ENABLE_OBJC_ARC = YES;
				CLANG_WARN_BOOL_CONVERSION = YES;
				CLANG_WARN_CONSTANT_CONVERSION = YES;
				CLANG_WARN_DIRECT_OBJC_ISA_USAGE = YES_ERROR;
				CLANG_WARN_DOCUMENTATION_COMMENTS = YES;
				CLANG_WARN_EMPTY_BODY = YES;
				CLANG_WARN_ENUM_CONVERSION = YES;
				CLANG_WARN_INFINITE_RECURSION = YES;
				CLANG_WARN_INT_CONVERSION = YES;
				CLANG_WARN_OBJC_ROOT_CLASS = YES_ERROR;
				CLANG_WARN_SUSPICIOUS_MOVE = YES;
				CLANG_WARN_UNREACHABLE_CODE = YES;
				CLANG_WARN__DUPLICATE_METHOD_MATCH = YES;
				"CODE_SIGN_IDENTITY[sdk=iphoneos*]" = "iPhone Developer";
				COPY_PHASE_STRIP = NO;
				DEBUG_INFORMATION_FORMAT = "dwarf-with-dsym";
				ENABLE_NS_ASSERTIONS = NO;
				ENABLE_STRICT_OBJC_MSGSEND = YES;
				GCC_C_LANGUAGE_STANDARD = gnu99;
				GCC_NO_COMMON_BLOCKS = YES;
				GCC_WARN_64_TO_32_BIT_CONVERSION = YES;
				GCC_WARN_ABOUT_RETURN_TYPE = YES_ERROR;
				GCC_WARN_UNDECLARED_SELECTOR = YES;
				GCC_WARN_UNINITIALIZED_AUTOS = YES_AGGRESSIVE;
				GCC_WARN_UNUSED_FUNCTION = YES;
				GCC_WARN_UNUSED_VARIABLE = YES;
				IPHONEOS_DEPLOYMENT_TARGET = 10.3;
				MTL_ENABLE_DEBUG_INFO = NO;
				SDKROOT = iphoneos;
				SWIFT_OPTIMIZATION_LEVEL = "-Owholemodule";
				TARGETED_DEVICE_FAMILY = "1,2";
				VALIDATE_PRODUCT = YES;
			};
			name = Release;
		};
		3D07A2BC1ED1B1B700BFCE3A /* Debug */ = {
			isa = XCBuildConfiguration;
			buildSettings = {
				ASSETCATALOG_COMPILER_APPICON_NAME = AppIcon;
				DEVELOPMENT_TEAM = 597HR9EHGW;
				INFOPLIST_FILE = HotdogSlinger/Info.plist;
				IPHONEOS_DEPLOYMENT_TARGET = 10.3;
				LD_RUNPATH_SEARCH_PATHS = "$(inherited) @executable_path/Frameworks";
				PRODUCT_BUNDLE_IDENTIFIER = com.cathyoun.HotdogSlinger;
				PRODUCT_NAME = "$(TARGET_NAME)";
				SWIFT_VERSION = 3.0;
			};
			name = Debug;
		};
		3D07A2BD1ED1B1B700BFCE3A /* Release */ = {
			isa = XCBuildConfiguration;
			buildSettings = {
				ASSETCATALOG_COMPILER_APPICON_NAME = AppIcon;
				DEVELOPMENT_TEAM = 597HR9EHGW;
				INFOPLIST_FILE = HotdogSlinger/Info.plist;
				IPHONEOS_DEPLOYMENT_TARGET = 10.3;
				LD_RUNPATH_SEARCH_PATHS = "$(inherited) @executable_path/Frameworks";
				PRODUCT_BUNDLE_IDENTIFIER = com.cathyoun.HotdogSlinger;
				PRODUCT_NAME = "$(TARGET_NAME)";
				SWIFT_VERSION = 3.0;
			};
			name = Release;
		};
		3D07A2BF1ED1B1B700BFCE3A /* Debug */ = {
			isa = XCBuildConfiguration;
			buildSettings = {
				ALWAYS_EMBED_SWIFT_STANDARD_LIBRARIES = YES;
				BUNDLE_LOADER = "$(TEST_HOST)";
				DEVELOPMENT_TEAM = 597HR9EHGW;
				INFOPLIST_FILE = HotdogSlingerTests/Info.plist;
				LD_RUNPATH_SEARCH_PATHS = "$(inherited) @executable_path/Frameworks @loader_path/Frameworks";
				PRODUCT_BUNDLE_IDENTIFIER = com.cathyoun.HotdogSlingerTests;
				PRODUCT_NAME = "$(TARGET_NAME)";
				SWIFT_VERSION = 3.0;
				TEST_HOST = "$(BUILT_PRODUCTS_DIR)/HotdogSlinger.app/HotdogSlinger";
			};
			name = Debug;
		};
		3D07A2C01ED1B1B700BFCE3A /* Release */ = {
			isa = XCBuildConfiguration;
			buildSettings = {
				ALWAYS_EMBED_SWIFT_STANDARD_LIBRARIES = YES;
				BUNDLE_LOADER = "$(TEST_HOST)";
				DEVELOPMENT_TEAM = 597HR9EHGW;
				INFOPLIST_FILE = HotdogSlingerTests/Info.plist;
				LD_RUNPATH_SEARCH_PATHS = "$(inherited) @executable_path/Frameworks @loader_path/Frameworks";
				PRODUCT_BUNDLE_IDENTIFIER = com.cathyoun.HotdogSlingerTests;
				PRODUCT_NAME = "$(TARGET_NAME)";
				SWIFT_VERSION = 3.0;
				TEST_HOST = "$(BUILT_PRODUCTS_DIR)/HotdogSlinger.app/HotdogSlinger";
			};
			name = Release;
		};
/* End XCBuildConfiguration section */

/* Begin XCConfigurationList section */
		3D07A2931ED1B1B600BFCE3A /* Build configuration list for PBXProject "HotdogSlinger" */ = {
			isa = XCConfigurationList;
			buildConfigurations = (
				3D07A2B91ED1B1B700BFCE3A /* Debug */,
				3D07A2BA1ED1B1B700BFCE3A /* Release */,
			);
			defaultConfigurationIsVisible = 0;
			defaultConfigurationName = Release;
		};
		3D07A2BB1ED1B1B700BFCE3A /* Build configuration list for PBXNativeTarget "HotdogSlinger" */ = {
			isa = XCConfigurationList;
			buildConfigurations = (
				3D07A2BC1ED1B1B700BFCE3A /* Debug */,
				3D07A2BD1ED1B1B700BFCE3A /* Release */,
			);
			defaultConfigurationIsVisible = 0;
		};
		3D07A2BE1ED1B1B700BFCE3A /* Build configuration list for PBXNativeTarget "HotdogSlingerTests" */ = {
			isa = XCConfigurationList;
			buildConfigurations = (
				3D07A2BF1ED1B1B700BFCE3A /* Debug */,
				3D07A2C01ED1B1B700BFCE3A /* Release */,
			);
			defaultConfigurationIsVisible = 0;
		};
/* End XCConfigurationList section */
	};
	rootObject = 3D07A2901ED1B1B600BFCE3A /* Project object */;
}
